
Microsoft Visual Studio Solution File, Format Version 12.00
# Visual Studio Version 17
VisualStudioVersion = 17.9.34728.123
MinimumVisualStudioVersion = 10.0.40219.1
Project("{8BC9CEB8-8B4A-11D0-8D11-00A0C91BC942}") = "atividade7", "atividade7\atividade7.vcxproj", "{3069CA33-6FB9-410F-A49F-846B612242DD}"
EndProject
Global
	GlobalSection(SolutionConfigurationPlatforms) = preSolution
		Debug|x64 = Debug|x64
		Debug|x86 = Debug|x86
		Release|x64 = Release|x64
		Release|x86 = Release|x86
	EndGlobalSection
	GlobalSection(ProjectConfigurationPlatforms) = postSolution
		{3069CA33-6FB9-410F-A49F-846B612242DD}.Debug|x64.ActiveCfg = Debug|x64
		{3069CA33-6FB9-410F-A49F-846B612242DD}.Debug|x64.Build.0 = Debug|x64
		{3069CA33-6FB9-410F-A49F-846B612242DD}.Debug|x86.ActiveCfg = Debug|Win32
		{3069CA33-6FB9-410F-A49F-846B612242DD}.Debug|x86.Build.0 = Debug|Win32
		{3069CA33-6FB9-410F-A49F-846B612242DD}.Release|x64.ActiveCfg = Release|x64
		{3069CA33-6FB9-410F-A49F-846B612242DD}.Release|x64.Build.0 = Release|x64
		{3069CA33-6FB9-410F-A49F-846B612242DD}.Release|x86.ActiveCfg = Release|Win32
		{3069CA33-6FB9-410F-A49F-846B612242DD}.Release|x86.Build.0 = Release|Win32
	EndGlobalSection
	GlobalSection(SolutionProperties) = preSolution
		HideSolutionNode = FALSE
	EndGlobalSection
	GlobalSection(ExtensibilityGlobals) = postSolution
		SolutionGuid = {E2CFD18D-737B-42E2-AC14-11C9E63FF7A8}
	EndGlobalSection
EndGlobal
